
Microsoft Visual Studio Solution File, Format Version 12.00
# Visual Studio Version 17
VisualStudioVersion = 17.14.36408.4
MinimumVisualStudioVersion = 10.0.40219.1
Project("{FAE04EC0-301F-11D3-BF4B-00C04F79EFBC}") = "SWE316HW1MA", "SWE316HW1MA.csproj", "{3D2F3D52-1FB6-4663-88BD-76CA32BB06BF}"
EndProject
Global
	GlobalSection(SolutionConfigurationPlatforms) = preSolution
		Debug|Any CPU = Debug|Any CPU
		Release|Any CPU = Release|Any CPU
	EndGlobalSection
	GlobalSection(ProjectConfigurationPlatforms) = postSolution
		{3D2F3D52-1FB6-4663-88BD-76CA32BB06BF}.Debug|Any CPU.ActiveCfg = Debug|Any CPU
		{3D2F3D52-1FB6-4663-88BD-76CA32BB06BF}.Debug|Any CPU.Build.0 = Debug|Any CPU
		{3D2F3D52-1FB6-4663-88BD-76CA32BB06BF}.Release|Any CPU.ActiveCfg = Release|Any CPU
		{3D2F3D52-1FB6-4663-88BD-76CA32BB06BF}.Release|Any CPU.Build.0 = Release|Any CPU
	EndGlobalSection
	GlobalSection(SolutionProperties) = preSolution
		HideSolutionNode = FALSE
	EndGlobalSection
	GlobalSection(ExtensibilityGlobals) = postSolution
		SolutionGuid = {2738D33A-83AB-4B63-B447-3F5F96ADE13F}
	EndGlobalSection
EndGlobal
